Microsoft Visual Studio Solution File, Format Version 12.00
# Visual Studio 2012
Project("{FAE04EC0-301F-11D3-BF4B-00C04F79EFBC}") = "3drawer", "3drawer.csproj", "{A885AA8A-0322-40B2-849C-4C9F2A441450}"
EndProject
Global
	GlobalSection(SolutionConfigurationPlatforms) = preSolution
	Debug|Any CPU = Debug|Any CPU
	ExportDebug|Any CPU = ExportDebug|Any CPU
	ExportRelease|Any CPU = ExportRelease|Any CPU
	EndGlobalSection
	GlobalSection(ProjectConfigurationPlatforms) = postSolution
		{A885AA8A-0322-40B2-849C-4C9F2A441450}.Debug|Any CPU.ActiveCfg = Debug|Any CPU
		{A885AA8A-0322-40B2-849C-4C9F2A441450}.Debug|Any CPU.Build.0 = Debug|Any CPU
		{A885AA8A-0322-40B2-849C-4C9F2A441450}.ExportDebug|Any CPU.ActiveCfg = ExportDebug|Any CPU
		{A885AA8A-0322-40B2-849C-4C9F2A441450}.ExportDebug|Any CPU.Build.0 = ExportDebug|Any CPU
		{A885AA8A-0322-40B2-849C-4C9F2A441450}.ExportRelease|Any CPU.ActiveCfg = ExportRelease|Any CPU
		{A885AA8A-0322-40B2-849C-4C9F2A441450}.ExportRelease|Any CPU.Build.0 = ExportRelease|Any CPU
	EndGlobalSection
EndGlobal
